
Microsoft Visual Studio Solution File, Format Version 12.00
# Visual Studio 15
VisualStudioVersion = 15.0.27703.2035
MinimumVisualStudioVersion = 10.0.40219.1
Project("{FAE04EC0-301F-11D3-BF4B-00C04F79EFBC}") = "Finance", "Finance.csproj", "{096E2741-23EF-4D60-8A49-761F32D2488A}"
EndProject
Project("{FAE04EC0-301F-11D3-BF4B-00C04F79EFBC}") = "Finance.Tests", "..\Finance.Tests\Finance.Tests.csproj", "{A38AB768-5AB3-4D59-8682-C57FE7FE0BE2}"
EndProject
Global
	GlobalSection(SolutionConfigurationPlatforms) = preSolution
		Debug|Any CPU = Debug|Any CPU
		Release|Any CPU = Release|Any CPU
	EndGlobalSection
	GlobalSection(ProjectConfigurationPlatforms) = postSolution
		{096E2741-23EF-4D60-8A49-761F32D2488A}.Debug|Any CPU.ActiveCfg = Debug|Any CPU
		{096E2741-23EF-4D60-8A49-761F32D2488A}.Debug|Any CPU.Build.0 = Debug|Any CPU
		{096E2741-23EF-4D60-8A49-761F32D2488A}.Release|Any CPU.ActiveCfg = Release|Any CPU
		{096E2741-23EF-4D60-8A49-761F32D2488A}.Release|Any CPU.Build.0 = Release|Any CPU
		{A38AB768-5AB3-4D59-8682-C57FE7FE0BE2}.Debug|Any CPU.ActiveCfg = Debug|Any CPU
		{A38AB768-5AB3-4D59-8682-C57FE7FE0BE2}.Debug|Any CPU.Build.0 = Debug|Any CPU
		{A38AB768-5AB3-4D59-8682-C57FE7FE0BE2}.Release|Any CPU.ActiveCfg = Release|Any CPU
		{A38AB768-5AB3-4D59-8682-C57FE7FE0BE2}.Release|Any CPU.Build.0 = Release|Any CPU
	EndGlobalSection
	GlobalSection(SolutionProperties) = preSolution
		HideSolutionNode = FALSE
	EndGlobalSection
	GlobalSection(ExtensibilityGlobals) = postSolution
		SolutionGuid = {67A2BF3A-9808-456E-A740-D674C9594870}
	EndGlobalSection
EndGlobal
